
Microsoft Visual Studio Solution File, Format Version 12.00
# Visual Studio Version 16
VisualStudioVersion = 16.0.32126.315
MinimumVisualStudioVersion = 10.0.40219.1
Project("{FAE04EC0-301F-11D3-BF4B-00C04F79EFBC}") = "GSinghBooks", "GSinghBooks\GSinghBooks.csproj", "{59C8597E-124E-4340-9D17-4F3E764C09D3}"
EndProject
Project("{FAE04EC0-301F-11D3-BF4B-00C04F79EFBC}") = "Gsingh.DataAccess", "Gsingh.DataAccess\Gsingh.DataAccess.csproj", "{4D53986F-86D0-4AB2-9803-A8408D74DACD}"
EndProject
Project("{FAE04EC0-301F-11D3-BF4B-00C04F79EFBC}") = "Gsingh.Models", "Gsingh.Models\Gsingh.Models.csproj", "{F1679DE4-547F-4EDD-9A4B-0D8CC020C6AE}"
EndProject
Project("{FAE04EC0-301F-11D3-BF4B-00C04F79EFBC}") = "Gsingh.Utility", "Gsingh.Utility\Gsingh.Utility.csproj", "{222D0A7B-6C9F-4569-B81A-F6EC7D1414C7}"
EndProject
Global
	GlobalSection(SolutionConfigurationPlatforms) = preSolution
		Debug|Any CPU = Debug|Any CPU
		Release|Any CPU = Release|Any CPU
	EndGlobalSection
	GlobalSection(ProjectConfigurationPlatforms) = postSolution
		{59C8597E-124E-4340-9D17-4F3E764C09D3}.Debug|Any CPU.ActiveCfg = Debug|Any CPU
		{59C8597E-124E-4340-9D17-4F3E764C09D3}.Debug|Any CPU.Build.0 = Debug|Any CPU
		{59C8597E-124E-4340-9D17-4F3E764C09D3}.Release|Any CPU.ActiveCfg = Release|Any CPU
		{59C8597E-124E-4340-9D17-4F3E764C09D3}.Release|Any CPU.Build.0 = Release|Any CPU
		{4D53986F-86D0-4AB2-9803-A8408D74DACD}.Debug|Any CPU.ActiveCfg = Debug|Any CPU
		{4D53986F-86D0-4AB2-9803-A8408D74DACD}.Debug|Any CPU.Build.0 = Debug|Any CPU
		{4D53986F-86D0-4AB2-9803-A8408D74DACD}.Release|Any CPU.ActiveCfg = Release|Any CPU
		{4D53986F-86D0-4AB2-9803-A8408D74DACD}.Release|Any CPU.Build.0 = Release|Any CPU
		{F1679DE4-547F-4EDD-9A4B-0D8CC020C6AE}.Debug|Any CPU.ActiveCfg = Debug|Any CPU
		{F1679DE4-547F-4EDD-9A4B-0D8CC020C6AE}.Debug|Any CPU.Build.0 = Debug|Any CPU
		{F1679DE4-547F-4EDD-9A4B-0D8CC020C6AE}.Release|Any CPU.ActiveCfg = Release|Any CPU
		{F1679DE4-547F-4EDD-9A4B-0D8CC020C6AE}.Release|Any CPU.Build.0 = Release|Any CPU
		{222D0A7B-6C9F-4569-B81A-F6EC7D1414C7}.Debug|Any CPU.ActiveCfg = Debug|Any CPU
		{222D0A7B-6C9F-4569-B81A-F6EC7D1414C7}.Debug|Any CPU.Build.0 = Debug|Any CPU
		{222D0A7B-6C9F-4569-B81A-F6EC7D1414C7}.Release|Any CPU.ActiveCfg = Release|Any CPU
		{222D0A7B-6C9F-4569-B81A-F6EC7D1414C7}.Release|Any CPU.Build.0 = Release|Any CPU
	EndGlobalSection
	GlobalSection(SolutionProperties) = preSolution
		HideSolutionNode = FALSE
	EndGlobalSection
	GlobalSection(ExtensibilityGlobals) = postSolution
		SolutionGuid = {43D02368-3CC9-4579-81B4-00C305ABEEA4}
	EndGlobalSection
EndGlobal
